
Microsoft Visual Studio Solution File, Format Version 12.00
# Visual Studio Version 16
VisualStudioVersion = 16.0.32929.386
MinimumVisualStudioVersion = 10.0.40219.1
Project("{FAE04EC0-301F-11D3-BF4B-00C04F79EFBC}") = "laba 3", "laba 3\laba 3.csproj", "{0810398B-5DB1-4E52-AC46-4B359758FB5F}"
EndProject
Global
	GlobalSection(SolutionConfigurationPlatforms) = preSolution
		Debug|Any CPU = Debug|Any CPU
		Release|Any CPU = Release|Any CPU
	EndGlobalSection
	GlobalSection(ProjectConfigurationPlatforms) = postSolution
		{0810398B-5DB1-4E52-AC46-4B359758FB5F}.Debug|Any CPU.ActiveCfg = Debug|Any CPU
		{0810398B-5DB1-4E52-AC46-4B359758FB5F}.Debug|Any CPU.Build.0 = Debug|Any CPU
		{0810398B-5DB1-4E52-AC46-4B359758FB5F}.Release|Any CPU.ActiveCfg = Release|Any CPU
		{0810398B-5DB1-4E52-AC46-4B359758FB5F}.Release|Any CPU.Build.0 = Release|Any CPU
	EndGlobalSection
	GlobalSection(SolutionProperties) = preSolution
		HideSolutionNode = FALSE
	EndGlobalSection
	GlobalSection(ExtensibilityGlobals) = postSolution
		SolutionGuid = {925ECA95-2D19-4332-95BC-6455AA19FEA9}
	EndGlobalSection
EndGlobal
